
Microsoft Visual Studio Solution File, Format Version 12.00
# Visual Studio Version 16
VisualStudioVersion = 16.0.29009.5
MinimumVisualStudioVersion = 10.0.40219.1
Project("{9A19103F-16F7-4668-BE54-9A1E7A4F7556}") = "WorkManager.Api", "WorkManager.Api\WorkManager.Api.csproj", "{8EDF5457-EB0D-46FE-8216-AC89F2D1865D}"
EndProject
Project("{9A19103F-16F7-4668-BE54-9A1E7A4F7556}") = "WorkManager.Client", "WorkManager.Client\WorkManager.Client.csproj", "{4307E42B-24C2-4A08-A295-B26CA6BF4E8F}"
EndProject
Project("{9A19103F-16F7-4668-BE54-9A1E7A4F7556}") = "WorkManager.Data", "WorkManager.Data\WorkManager.Data.csproj", "{BB557E8F-7D6B-47BE-9F9E-64F8C1A1CC84}"
EndProject
Global
	GlobalSection(SolutionConfigurationPlatforms) = preSolution
		Debug|Any CPU = Debug|Any CPU
		Release|Any CPU = Release|Any CPU
	EndGlobalSection
	GlobalSection(ProjectConfigurationPlatforms) = postSolution
		{8EDF5457-EB0D-46FE-8216-AC89F2D1865D}.Debug|Any CPU.ActiveCfg = Debug|Any CPU
		{8EDF5457-EB0D-46FE-8216-AC89F2D1865D}.Debug|Any CPU.Build.0 = Debug|Any CPU
		{8EDF5457-EB0D-46FE-8216-AC89F2D1865D}.Release|Any CPU.ActiveCfg = Release|Any CPU
		{8EDF5457-EB0D-46FE-8216-AC89F2D1865D}.Release|Any CPU.Build.0 = Release|Any CPU
		{4307E42B-24C2-4A08-A295-B26CA6BF4E8F}.Debug|Any CPU.ActiveCfg = Debug|Any CPU
		{4307E42B-24C2-4A08-A295-B26CA6BF4E8F}.Debug|Any CPU.Build.0 = Debug|Any CPU
		{4307E42B-24C2-4A08-A295-B26CA6BF4E8F}.Release|Any CPU.ActiveCfg = Release|Any CPU
		{4307E42B-24C2-4A08-A295-B26CA6BF4E8F}.Release|Any CPU.Build.0 = Release|Any CPU
		{BB557E8F-7D6B-47BE-9F9E-64F8C1A1CC84}.Debug|Any CPU.ActiveCfg = Debug|Any CPU
		{BB557E8F-7D6B-47BE-9F9E-64F8C1A1CC84}.Debug|Any CPU.Build.0 = Debug|Any CPU
		{BB557E8F-7D6B-47BE-9F9E-64F8C1A1CC84}.Release|Any CPU.ActiveCfg = Release|Any CPU
		{BB557E8F-7D6B-47BE-9F9E-64F8C1A1CC84}.Release|Any CPU.Build.0 = Release|Any CPU
	EndGlobalSection
	GlobalSection(SolutionProperties) = preSolution
		HideSolutionNode = FALSE
	EndGlobalSection
	GlobalSection(ExtensibilityGlobals) = postSolution
		SolutionGuid = {40C460CB-4A49-4956-93E9-53F7D3AA1E16}
	EndGlobalSection
EndGlobal
